
Microsoft Visual Studio Solution File, Format Version 11.00
# Visual Studio 2010
Project("{FAE04EC0-301F-11D3-BF4B-00C04F79EFBC}") = "VR Funktionell", "Assembly-CSharp.csproj", "{5259E137-ACF5-4325-8CB7-5028DB28000F}"
EndProject
Project("{FAE04EC0-301F-11D3-BF4B-00C04F79EFBC}") = "VR Funktionell", "Assembly-CSharp-Editor.csproj", "{BDF97DD9-8C5E-3A66-06A0-E350C5295444}"
EndProject
Global
	GlobalSection(SolutionConfigurationPlatforms) = preSolution
		Debug|Any CPU = Debug|Any CPU
		Release|Any CPU = Release|Any CPU
	EndGlobalSection
	GlobalSection(ProjectConfigurationPlatforms) = postSolution
		{5259E137-ACF5-4325-8CB7-5028DB28000F}.Debug|Any CPU.ActiveCfg = Debug|Any CPU
		{5259E137-ACF5-4325-8CB7-5028DB28000F}.Debug|Any CPU.Build.0 = Debug|Any CPU
		{5259E137-ACF5-4325-8CB7-5028DB28000F}.Release|Any CPU.ActiveCfg = Release|Any CPU
		{5259E137-ACF5-4325-8CB7-5028DB28000F}.Release|Any CPU.Build.0 = Release|Any CPU
		{BDF97DD9-8C5E-3A66-06A0-E350C5295444}.Debug|Any CPU.ActiveCfg = Debug|Any CPU
		{BDF97DD9-8C5E-3A66-06A0-E350C5295444}.Debug|Any CPU.Build.0 = Debug|Any CPU
		{BDF97DD9-8C5E-3A66-06A0-E350C5295444}.Release|Any CPU.ActiveCfg = Release|Any CPU
		{BDF97DD9-8C5E-3A66-06A0-E350C5295444}.Release|Any CPU.Build.0 = Release|Any CPU
	EndGlobalSection
	GlobalSection(SolutionProperties) = preSolution
		HideSolutionNode = FALSE
	EndGlobalSection
	GlobalSection(MonoDevelopProperties) = preSolution
		StartupItem = Assembly-CSharp.csproj
	EndGlobalSection
EndGlobal
